
Microsoft Visual Studio Solution File, Format Version 12.00
# Visual Studio Version 16
VisualStudioVersion = 16.0.32413.511
MinimumVisualStudioVersion = 10.0.40219.1
Project("{8BC9CEB8-8B4A-11D0-8D11-00A0C91BC942}") = "Baby CUDA", "Baby CUDA.vcxproj", "{49338CAA-28FD-46AF-9F47-0F9E5621F0C6}"
EndProject
Global
	GlobalSection(SolutionConfigurationPlatforms) = preSolution
		Debug|x64 = Debug|x64
		Release|x64 = Release|x64
	EndGlobalSection
	GlobalSection(ProjectConfigurationPlatforms) = postSolution
		{49338CAA-28FD-46AF-9F47-0F9E5621F0C6}.Debug|x64.ActiveCfg = Debug|x64
		{49338CAA-28FD-46AF-9F47-0F9E5621F0C6}.Debug|x64.Build.0 = Debug|x64
		{49338CAA-28FD-46AF-9F47-0F9E5621F0C6}.Release|x64.ActiveCfg = Release|x64
		{49338CAA-28FD-46AF-9F47-0F9E5621F0C6}.Release|x64.Build.0 = Release|x64
	EndGlobalSection
	GlobalSection(SolutionProperties) = preSolution
		HideSolutionNode = FALSE
	EndGlobalSection
	GlobalSection(ExtensibilityGlobals) = postSolution
		SolutionGuid = {F09CDF59-68CC-4042-B58E-1DB29395D97C}
	EndGlobalSection
EndGlobal
