
Microsoft Visual Studio Solution File, Format Version 12.00
# Visual Studio Version 16
VisualStudioVersion = 16.0.31729.503
MinimumVisualStudioVersion = 10.0.40219.1
Project("{FAE04EC0-301F-11D3-BF4B-00C04F79EFBC}") = "VSCTF", "VSCTF.csproj", "{0A9187A3-6226-487E-B81E-669044ECCC18}"
EndProject
Global
	GlobalSection(SolutionConfigurationPlatforms) = preSolution
		Debug|Any CPU = Debug|Any CPU
		Release|Any CPU = Release|Any CPU
	EndGlobalSection
	GlobalSection(ProjectConfigurationPlatforms) = postSolution
		{0A9187A3-6226-487E-B81E-669044ECCC18}.Debug|Any CPU.ActiveCfg = Debug|Any CPU
		{0A9187A3-6226-487E-B81E-669044ECCC18}.Debug|Any CPU.Build.0 = Debug|Any CPU
		{0A9187A3-6226-487E-B81E-669044ECCC18}.Release|Any CPU.ActiveCfg = Release|Any CPU
		{0A9187A3-6226-487E-B81E-669044ECCC18}.Release|Any CPU.Build.0 = Release|Any CPU
	EndGlobalSection
	GlobalSection(SolutionProperties) = preSolution
		HideSolutionNode = FALSE
	EndGlobalSection
	GlobalSection(ExtensibilityGlobals) = postSolution
		SolutionGuid = {9343374F-B24A-4678-9446-657E34CF287E}
	EndGlobalSection
EndGlobal
